{
  "name": "rhasspy-intent-handler",
  "version": "1.0.0",
  "lockfileVersion": 2,
  "requires": true,
  "packages": {
    "": {
      "name": "rhasspy-intent-handler",
      "version": "1.0.0",
      "license": "MIT",
      "dependencies": {
        "auto-load": "^3.0.4"
      }
    },
    "node_modules/auto-load": {
      "version": "3.0.4",
      "resolved": "https://registry.npmjs.org/auto-load/-/auto-load-3.0.4.tgz",
      "integrity": "sha512-ufENezHsnouUiIgwCMuqzcdiABBucBb8CV/5uchw9XuMhf8KXIqF3PgxRzhIuW3C470gjb5niq6zaaF9nhjPIQ==",
      "engines": {
        "node": ">=4.0.0"
      }
    }
  },
  "dependencies": {
    "auto-load": {
      "version": "3.0.4",
      "resolved": "https://registry.npmjs.org/auto-load/-/auto-load-3.0.4.tgz",
      "integrity": "sha512-ufENezHsnouUiIgwCMuqzcdiABBucBb8CV/5uchw9XuMhf8KXIqF3PgxRzhIuW3C470gjb5niq6zaaF9nhjPIQ=="
    }
  }
}
